
Microsoft Visual Studio Solution File, Format Version 12.00
# Visual Studio Version 16
VisualStudioVersion = 16.0.32802.440
MinimumVisualStudioVersion = 10.0.40219.1
Project("{FAE04EC0-301F-11D3-BF4B-00C04F79EFBC}") = "JenkinsAPP", "JenkinsAPP\JenkinsAPP.csproj", "{6C8E8462-2FAC-4BC8-A1BD-30EE008EC425}"
EndProject
Global
	GlobalSection(SolutionConfigurationPlatforms) = preSolution
		Debug|Any CPU = Debug|Any CPU
		Release|Any CPU = Release|Any CPU
	EndGlobalSection
	GlobalSection(ProjectConfigurationPlatforms) = postSolution
		{6C8E8462-2FAC-4BC8-A1BD-30EE008EC425}.Debug|Any CPU.ActiveCfg = Debug|Any CPU
		{6C8E8462-2FAC-4BC8-A1BD-30EE008EC425}.Debug|Any CPU.Build.0 = Debug|Any CPU
		{6C8E8462-2FAC-4BC8-A1BD-30EE008EC425}.Release|Any CPU.ActiveCfg = Release|Any CPU
		{6C8E8462-2FAC-4BC8-A1BD-30EE008EC425}.Release|Any CPU.Build.0 = Release|Any CPU
	EndGlobalSection
	GlobalSection(SolutionProperties) = preSolution
		HideSolutionNode = FALSE
	EndGlobalSection
	GlobalSection(ExtensibilityGlobals) = postSolution
		SolutionGuid = {B3B76232-9FD8-4B28-9DCD-6DF765A69D3B}
	EndGlobalSection
EndGlobal
